Microsoft Visual Studio Solution File, Format Version 12.00
# Visual Studio Version 17
VisualStudioVersion = 17.14.35906.104
MinimumVisualStudioVersion = 10.0.40219.1
Project("{FAE04EC0-301F-11D3-BF4B-00C04F79EFBC}") = "BlazorAppAi", "BlazorAppAi\BlazorAppAi.csproj", "{21789D41-745A-41CB-BFA9-DA78E2C545DB}"
EndProject
Global
	GlobalSection(SolutionConfigurationPlatforms) = preSolution
		Debug|Any CPU = Debug|Any CPU
		Release|Any CPU = Release|Any CPU
	EndGlobalSection
	GlobalSection(ProjectConfigurationPlatforms) = postSolution
		{21789D41-745A-41CB-BFA9-DA78E2C545DB}.Debug|Any CPU.ActiveCfg = Debug|Any CPU
		{21789D41-745A-41CB-BFA9-DA78E2C545DB}.Debug|Any CPU.Build.0 = Debug|Any CPU
		{21789D41-745A-41CB-BFA9-DA78E2C545DB}.Release|Any CPU.ActiveCfg = Release|Any CPU
		{21789D41-745A-41CB-BFA9-DA78E2C545DB}.Release|Any CPU.Build.0 = Release|Any CPU
	EndGlobalSection
	GlobalSection(SolutionProperties) = preSolution
		HideSolutionNode = FALSE
	EndGlobalSection
	GlobalSection(ExtensibilityGlobals) = postSolution
		SolutionGuid = {B9BB1FC4-FD19-467E-AD17-1E3167CB5C19}
	EndGlobalSection
EndGlobal
